<?xml version="1.0" encoding="utf-8"?>
<Project ToolsVersion="4.0" xmlns="http://schemas.microsoft.com/developer/msbuild/2003">
  <ItemGroup>
    <Filter Include="源文件">
      <UniqueIdentifier>{4FC737F1-C7A5-4376-A066-2A32D752A2FF}</UniqueIdentifier>
      <Extensions>cpp;c;cc;cxx;def;odl;idl;hpj;bat;asm;asmx</Extensions>
    </Filter>
    <Filter Include="头文件">
      <UniqueIdentifier>{93995380-89BD-4b04-88EB-625FBE52EBFB}</UniqueIdentifier>
      <Extensions>h;hh;hpp;hxx;hm;inl;inc;xsd</Extensions>
    </Filter>
    <Filter Include="资源文件">
      <UniqueIdentifier>{67DA6AB6-F800-4c08-8B7A-83BB121AAD01}</UniqueIdentifier>
      <Extensions>rc;ico;cur;bmp;dlg;rc2;rct;bin;rgs;gif;jpg;jpeg;jpe;resx;tiff;tif;png;wav;mfcribbon-ms</Extensions>
    </Filter>
    <Filter Include="vsz">
      <UniqueIdentifier>{4a933513-7b57-4886-8047-97e33e5ab4d4}</UniqueIdentifier>
    </Filter>
    <Filter Include="对外接口">
      <UniqueIdentifier>{dc9a5851-ec75-4955-ac67-4e258d3fa256}</UniqueIdentifier>
    </Filter>
    <Filter Include="MFCUI">
      <UniqueIdentifier>{e032f7a9-f971-4494-82a9-0512263e3d80}</UniqueIdentifier>
    </Filter>
    <Filter Include="数据库操作">
      <UniqueIdentifier>{535606c9-d4a4-4680-9ae9-f368b9c1c443}</UniqueIdentifier>
    </Filter>
    <Filter Include="控制台">
      <UniqueIdentifier>{f3ee2f63-f3a9-4350-9cd8-7f71bcd9a0a7}</UniqueIdentifier>
    </Filter>
    <Filter Include="日志">
      <UniqueIdentifier>{2f9d22f7-32c7-43d7-99cd-23268064fdb0}</UniqueIdentifier>
    </Filter>
    <Filter Include="ExcelAccess">
      <UniqueIdentifier>{fb96674f-da4d-49c2-b36d-bf08840bd56e}</UniqueIdentifier>
    </Filter>
  </ItemGroup>
  <ItemGroup>
    <Text Include="ReadMe.txt" />
  </ItemGroup>
  <ItemGroup>
    <ClCompile Include="PISTools.cpp">
      <Filter>源文件</Filter>
    </ClCompile>
    <ClCompile Include="stdafx.cpp">
      <Filter>源文件</Filter>
    </ClCompile>
    <ClCompile Include="vsz\VszManager.cpp">
      <Filter>vsz</Filter>
    </ClCompile>
    <ClCompile Include="MFCUI\UIHandler.cpp">
      <Filter>MFCUI</Filter>
    </ClCompile>
    <ClCompile Include="MFCUI\MFCUI_Interface.cpp">
      <Filter>MFCUI</Filter>
    </ClCompile>
    <ClCompile Include="数据库操作\DataBase_Interface.cpp">
      <Filter>数据库操作</Filter>
    </ClCompile>
    <ClCompile Include="数据库操作\DataBaseHandle.cpp">
      <Filter>数据库操作</Filter>
    </ClCompile>
    <ClCompile Include="控制台\Console_Interface.cpp">
      <Filter>控制台</Filter>
    </ClCompile>
    <ClCompile Include="控制台\ConsoleHandle.cpp">
      <Filter>控制台</Filter>
    </ClCompile>
    <ClCompile Include="日志\LogHandle.cpp">
      <Filter>日志</Filter>
    </ClCompile>
    <ClCompile Include="日志\LogToFile.cpp">
      <Filter>日志</Filter>
    </ClCompile>
    <ClCompile Include="日志\Log_Interface.cpp">
      <Filter>日志</Filter>
    </ClCompile>
    <ClCompile Include="ExcelAccess\ExcelAccess.cpp">
      <Filter>ExcelAccess</Filter>
    </ClCompile>
    <ClCompile Include="ExcelAccess\Excel_Interface.cpp">
      <Filter>ExcelAccess</Filter>
    </ClCompile>
  </ItemGroup>
  <ItemGroup>
    <ClInclude Include="PISTools.h">
      <Filter>头文件</Filter>
    </ClInclude>
    <ClInclude Include="stdafx.h">
      <Filter>头文件</Filter>
    </ClInclude>
    <ClInclude Include="targetver.h">
      <Filter>头文件</Filter>
    </ClInclude>
    <ClInclude Include="Resource.h">
      <Filter>头文件</Filter>
    </ClInclude>
    <ClInclude Include="vsz\VSZip.h">
      <Filter>vsz</Filter>
    </ClInclude>
    <ClInclude Include="vsz\VszManager.h">
      <Filter>vsz</Filter>
    </ClInclude>
    <ClInclude Include="对外接口\All_Interface.h">
      <Filter>对外接口</Filter>
    </ClInclude>
    <ClInclude Include="MFCUI\UIHandler.h">
      <Filter>MFCUI</Filter>
    </ClInclude>
    <ClInclude Include="对外接口\PISHeader.h">
      <Filter>对外接口</Filter>
    </ClInclude>
    <ClInclude Include="对外接口\MFCUI_Interface.h">
      <Filter>对外接口</Filter>
    </ClInclude>
    <ClInclude Include="数据库操作\DataBaseHandle.h">
      <Filter>数据库操作</Filter>
    </ClInclude>
    <ClInclude Include="对外接口\DataBase_Interface.h">
      <Filter>对外接口</Filter>
    </ClInclude>
    <ClInclude Include="对外接口\Console_Interface.h">
      <Filter>对外接口</Filter>
    </ClInclude>
    <ClInclude Include="控制台\ConsoleHandle.h">
      <Filter>控制台</Filter>
    </ClInclude>
    <ClInclude Include="日志\LogHandle.h">
      <Filter>日志</Filter>
    </ClInclude>
    <ClInclude Include="日志\LogToFile.h">
      <Filter>日志</Filter>
    </ClInclude>
    <ClInclude Include="对外接口\Log_Interface.h">
      <Filter>对外接口</Filter>
    </ClInclude>
    <ClInclude Include="ExcelAccess\ExcelAccess.h">
      <Filter>ExcelAccess</Filter>
    </ClInclude>
    <ClInclude Include="对外接口\Excel_Interface.h">
      <Filter>对外接口</Filter>
    </ClInclude>
  </ItemGroup>
  <ItemGroup>
    <None Include="PISTools.def">
      <Filter>源文件</Filter>
    </None>
    <None Include="res\PISTools.rc2">
      <Filter>资源文件</Filter>
    </None>
    <None Include="vsz\VSZip.dll">
      <Filter>vsz</Filter>
    </None>
  </ItemGroup>
  <ItemGroup>
    <ResourceCompile Include="PISTools.rc">
      <Filter>资源文件</Filter>
    </ResourceCompile>
  </ItemGroup>
  <ItemGroup>
    <Library Include="vsz\VSZip.lib">
      <Filter>vsz</Filter>
    </Library>
    <Library Include="ExcelAccess\ODBCCP32.LIB">
      <Filter>ExcelAccess</Filter>
    </Library>
  </ItemGroup>
</Project>