
Microsoft Visual Studio Solution File, Format Version 12.00
# Visual Studio 14
VisualStudioVersion = 14.0.25420.1
MinimumVisualStudioVersion = 10.0.40219.1
Project("{8BC9CEB8-8B4A-11D0-8D11-00A0C91BC942}") = "PISTools", "PISTools\PISTools.vcxproj", "{300299CC-A20C-45C2-97F3-2FAC022DBBFC}"
EndProject
Project("{8BC9CEB8-8B4A-11D0-8D11-00A0C91BC942}") = "TestTools", "TestTools\TestTools.vcxproj", "{76749F94-C2CB-4815-8D19-EBB03DAB1606}"
	ProjectSection(ProjectDependencies) = postProject
		{300299CC-A20C-45C2-97F3-2FAC022DBBFC} = {300299CC-A20C-45C2-97F3-2FAC022DBBFC}
	EndProjectSection
EndProject
Global
	GlobalSection(SolutionConfigurationPlatforms) = preSolution
		Debug|x64 = Debug|x64
		Debug|x86 = Debug|x86
		Release|x64 = Release|x64
		Release|x86 = Release|x86
	EndGlobalSection
	GlobalSection(ProjectConfigurationPlatforms) = postSolution
		{300299CC-A20C-45C2-97F3-2FAC022DBBFC}.Debug|x64.ActiveCfg = Debug|x64
		{300299CC-A20C-45C2-97F3-2FAC022DBBFC}.Debug|x64.Build.0 = Debug|x64
		{300299CC-A20C-45C2-97F3-2FAC022DBBFC}.Debug|x86.ActiveCfg = Debug|Win32
		{300299CC-A20C-45C2-97F3-2FAC022DBBFC}.Debug|x86.Build.0 = Debug|Win32
		{300299CC-A20C-45C2-97F3-2FAC022DBBFC}.Release|x64.ActiveCfg = Release|x64
		{300299CC-A20C-45C2-97F3-2FAC022DBBFC}.Release|x64.Build.0 = Release|x64
		{300299CC-A20C-45C2-97F3-2FAC022DBBFC}.Release|x86.ActiveCfg = Release|Win32
		{300299CC-A20C-45C2-97F3-2FAC022DBBFC}.Release|x86.Build.0 = Release|Win32
		{76749F94-C2CB-4815-8D19-EBB03DAB1606}.Debug|x64.ActiveCfg = Debug|x64
		{76749F94-C2CB-4815-8D19-EBB03DAB1606}.Debug|x64.Build.0 = Debug|x64
		{76749F94-C2CB-4815-8D19-EBB03DAB1606}.Debug|x86.ActiveCfg = Debug|Win32
		{76749F94-C2CB-4815-8D19-EBB03DAB1606}.Debug|x86.Build.0 = Debug|Win32
		{76749F94-C2CB-4815-8D19-EBB03DAB1606}.Release|x64.ActiveCfg = Release|x64
		{76749F94-C2CB-4815-8D19-EBB03DAB1606}.Release|x64.Build.0 = Release|x64
		{76749F94-C2CB-4815-8D19-EBB03DAB1606}.Release|x86.ActiveCfg = Release|Win32
		{76749F94-C2CB-4815-8D19-EBB03DAB1606}.Release|x86.Build.0 = Release|Win32
	EndGlobalSection
	GlobalSection(SolutionProperties) = preSolution
		HideSolutionNode = FALSE
	EndGlobalSection
EndGlobal
